
Microsoft Visual Studio Solution File, Format Version 12.00
# Visual Studio Version 16
VisualStudioVersion = 16.0.31229.75
MinimumVisualStudioVersion = 10.0.40219.1
Project("{FAE04EC0-301F-11D3-BF4B-00C04F79EFBC}") = "reciclemos_v3", "reciclemos_v3.csproj", "{7F22089B-CC10-49B1-816B-7DDF0A804E95}"
EndProject
Global
	GlobalSection(SolutionConfigurationPlatforms) = preSolution
		Debug|Any CPU = Debug|Any CPU
		Release|Any CPU = Release|Any CPU
	EndGlobalSection
	GlobalSection(ProjectConfigurationPlatforms) = postSolution
		{7F22089B-CC10-49B1-816B-7DDF0A804E95}.Debug|Any CPU.ActiveCfg = Debug|Any CPU
		{7F22089B-CC10-49B1-816B-7DDF0A804E95}.Debug|Any CPU.Build.0 = Debug|Any CPU
		{7F22089B-CC10-49B1-816B-7DDF0A804E95}.Release|Any CPU.ActiveCfg = Release|Any CPU
		{7F22089B-CC10-49B1-816B-7DDF0A804E95}.Release|Any CPU.Build.0 = Release|Any CPU
	EndGlobalSection
	GlobalSection(SolutionProperties) = preSolution
		HideSolutionNode = FALSE
	EndGlobalSection
	GlobalSection(ExtensibilityGlobals) = postSolution
		SolutionGuid = {6E9346B7-6D91-4D2A-A91B-73DCB6BE6E0F}
	EndGlobalSection
EndGlobal
